
Microsoft Visual Studio Solution File, Format Version 12.00
# Visual Studio 2013
VisualStudioVersion = 12.0.31101.0
MinimumVisualStudioVersion = 10.0.40219.1
Project("{FAE04EC0-301F-11D3-BF4B-00C04F79EFBC}") = "CfxGenerator", "CfxGenerator\CfxGenerator.csproj", "{BEC79EF6-997A-4F56-9CEF-F01AC28BDEF1}"
EndProject
Global
	GlobalSection(SolutionConfigurationPlatforms) = preSolution
		Debug|Any CPU = Debug|Any CPU
		Release|Any CPU = Release|Any CPU
	EndGlobalSection
	GlobalSection(ProjectConfigurationPlatforms) = postSolution
		{BEC79EF6-997A-4F56-9CEF-F01AC28BDEF1}.Debug|Any CPU.ActiveCfg = Debug|Any CPU
		{BEC79EF6-997A-4F56-9CEF-F01AC28BDEF1}.Debug|Any CPU.Build.0 = Debug|Any CPU
		{BEC79EF6-997A-4F56-9CEF-F01AC28BDEF1}.Release|Any CPU.ActiveCfg = Release|Any CPU
		{BEC79EF6-997A-4F56-9CEF-F01AC28BDEF1}.Release|Any CPU.Build.0 = Release|Any CPU
	EndGlobalSection
	GlobalSection(SolutionProperties) = preSolution
		HideSolutionNode = FALSE
	EndGlobalSection
EndGlobal
