
Microsoft Visual Studio Solution File, Format Version 12.00
# Visual Studio 2013
VisualStudioVersion = 12.0.31101.0
MinimumVisualStudioVersion = 10.0.40219.1
Project("{7CF6DF6D-3B04-46F8-A40B-537D21BCA0B4}") = "CfxDocs", "CfxDocs.shfbproj", "{4C9F46EF-9671-48A6-8A8B-8113E9E1C86C}"
EndProject
Global
	GlobalSection(SolutionConfigurationPlatforms) = preSolution
		Debug|Any CPU = Debug|Any CPU
		Release|Any CPU = Release|Any CPU
	EndGlobalSection
	GlobalSection(ProjectConfigurationPlatforms) = postSolution
		{4C9F46EF-9671-48A6-8A8B-8113E9E1C86C}.Debug|Any CPU.ActiveCfg = Debug|Any CPU
		{4C9F46EF-9671-48A6-8A8B-8113E9E1C86C}.Debug|Any CPU.Build.0 = Debug|Any CPU
		{4C9F46EF-9671-48A6-8A8B-8113E9E1C86C}.Release|Any CPU.ActiveCfg = Release|Any CPU
		{4C9F46EF-9671-48A6-8A8B-8113E9E1C86C}.Release|Any CPU.Build.0 = Release|Any CPU
	EndGlobalSection
	GlobalSection(SolutionProperties) = preSolution
		HideSolutionNode = FALSE
	EndGlobalSection
EndGlobal
