
Microsoft Visual Studio Solution File, Format Version 12.00
# Visual Studio 2013
VisualStudioVersion = 12.0.31101.0
MinimumVisualStudioVersion = 10.0.40219.1
Project("{FAE04EC0-301F-11D3-BF4B-00C04F79EFBC}") = "Windowless", "Windowless.csproj", "{0D3B9981-FC05-41DA-A9B5-628969742C41}"
EndProject
Global
	GlobalSection(SolutionConfigurationPlatforms) = preSolution
		Debug|x64 = Debug|x64
		Release|x64 = Release|x64
	EndGlobalSection
	GlobalSection(ProjectConfigurationPlatforms) = postSolution
		{0D3B9981-FC05-41DA-A9B5-628969742C41}.Debug|x64.ActiveCfg = Debug|x64
		{0D3B9981-FC05-41DA-A9B5-628969742C41}.Debug|x64.Build.0 = Debug|x64
		{0D3B9981-FC05-41DA-A9B5-628969742C41}.Release|x64.ActiveCfg = Release|x64
		{0D3B9981-FC05-41DA-A9B5-628969742C41}.Release|x64.Build.0 = Release|x64
	EndGlobalSection
	GlobalSection(SolutionProperties) = preSolution
		HideSolutionNode = FALSE
	EndGlobalSection
EndGlobal
